#MicroXplorer Configuration settings - do not modify
CAD.formats=
CAD.pinconfig=
CAD.provider=
CORTEX_M7.ART_ACCELERATOR_ENABLE=1
CORTEX_M7.CPU_DCache=Enabled
CORTEX_M7.CPU_ICache=Enabled
CORTEX_M7.IPParameters=CPU_ICache,CPU_DCache,PREFETCH_ENABLE,ART_ACCELERATOR_ENABLE
CORTEX_M7.PREFETCH_ENABLE=1
File.Version=6
GPIO.groupedBy=
KeepUserPlacement=false
Mcu.CPN=STM32F746NGH6
Mcu.Family=STM32F7
Mcu.IP0=CORTEX_M7
Mcu.IP1=CRC
Mcu.IP2=NVIC
Mcu.IP3=RCC
Mcu.IP4=SYS
Mcu.IP5=TIM7
Mcu.IP6=USART1
Mcu.IPNb=7
Mcu.Name=STM32F746NGHx
Mcu.Package=TFBGA216
Mcu.Pin0=PB7
Mcu.Pin1=PB6
Mcu.Pin2=PH0/OSC_IN
Mcu.Pin3=PH1/OSC_OUT
Mcu.Pin4=VP_CRC_VS_CRC
Mcu.Pin5=VP_SYS_VS_Systick
Mcu.Pin6=VP_TIM7_VS_ClockSourceINT
Mcu.Pin7=VP_STMicroelectronics.X-CUBE-AI_VS_ArtificialOoIntelligenceJjXAaCUBEAaAI_5.1.2
Mcu.PinsNb=8
Mcu.ThirdParty0=STMicroelectronics.X-CUBE-AI.5.1.2
Mcu.ThirdPartyNb=1
Mcu.UserConstants=
Mcu.UserName=STM32F746NGHx
MxCube.Version=6.7.0
MxDb.Version=DB.6.0.70
NVIC.BusFault_IRQn=true\:0\:0\:false\:false\:true\:false\:false\:false
NVIC.DebugMonitor_IRQn=true\:0\:0\:false\:false\:true\:false\:false\:false
NVIC.ForceEnableDMAVector=true
NVIC.HardFault_IRQn=true\:0\:0\:false\:false\:true\:false\:false\:false
NVIC.MemoryManagement_IRQn=true\:0\:0\:false\:false\:true\:false\:false\:false
NVIC.NonMaskableInt_IRQn=true\:0\:0\:false\:false\:true\:false\:false\:false
NVIC.PendSV_IRQn=true\:0\:0\:false\:false\:true\:false\:false\:false
NVIC.PriorityGroup=NVIC_PRIORITYGROUP_4
NVIC.SVCall_IRQn=true\:0\:0\:false\:false\:true\:false\:false\:false
NVIC.SysTick_IRQn=true\:15\:0\:false\:false\:true\:false\:true\:false
NVIC.TIM7_IRQn=true\:0\:0\:false\:false\:true\:true\:true\:true
NVIC.USART1_IRQn=true\:0\:0\:false\:false\:true\:true\:true\:true
NVIC.UsageFault_IRQn=true\:0\:0\:false\:false\:true\:false\:false\:false
PB6.Mode=Asynchronous
PB6.Signal=USART1_TX
PB7.Mode=Asynchronous
PB7.Signal=USART1_RX
PH0/OSC_IN.Mode=HSE-External-Oscillator
PH0/OSC_IN.Signal=RCC_OSC_IN
PH1/OSC_OUT.Mode=HSE-External-Oscillator
PH1/OSC_OUT.Signal=RCC_OSC_OUT
PinOutPanel.CurrentBGAView=Top
PinOutPanel.RotationAngle=0
ProjectManager.AskForMigrate=true
ProjectManager.BackupPrevious=false
ProjectManager.CompilerOptimize=6
ProjectManager.ComputerToolchain=false
ProjectManager.CoupleFile=false
ProjectManager.CustomerFirmwarePackage=
ProjectManager.DefaultFWLocation=true
ProjectManager.DeletePrevious=true
ProjectManager.DeviceId=STM32F746NGHx
ProjectManager.FirmwarePackage=STM32Cube FW_F7 V1.17.1
ProjectManager.FreePins=false
ProjectManager.HalAssertFull=false
ProjectManager.HeapSize=0x200
ProjectManager.KeepUserCode=true
ProjectManager.LastFirmware=true
ProjectManager.LibraryCopy=1
ProjectManager.MainLocation=Core/Src
ProjectManager.NoMain=false
ProjectManager.PreviousToolchain=STM32CubeIDE
ProjectManager.ProjectBuild=false
ProjectManager.ProjectFileName=TACTS_TFLite.ioc
ProjectManager.ProjectName=TACTS_TFLite
ProjectManager.RegisterCallBack=
ProjectManager.StackSize=0x800
ProjectManager.TargetToolchain=STM32CubeIDE
ProjectManager.ToolChainLocation=
ProjectManager.UnderRoot=true
ProjectManager.functionlistsort=1-SystemClock_Config-RCC-false-HAL-false,2-MX_GPIO_Init-GPIO-false-HAL-true,3-MX_CRC_Init-CRC-false-HAL-true,4-MX_TIM7_Init-TIM7-false-HAL-true,5-MX_USART1_UART_Init-USART1-false-HAL-true,0-MX_CORTEX_M7_Init-CORTEX_M7-false-HAL-true
RCC.AHBFreq_Value=128000000
RCC.APB1CLKDivider=RCC_HCLK_DIV4
RCC.APB1Freq_Value=32000000
RCC.APB1TimFreq_Value=64000000
RCC.APB2CLKDivider=RCC_HCLK_DIV2
RCC.APB2Freq_Value=64000000
RCC.APB2TimFreq_Value=128000000
RCC.CECFreq_Value=32786.88524590164
RCC.CortexFreq_Value=128000000
RCC.EthernetFreq_Value=128000000
RCC.FCLKCortexFreq_Value=128000000
RCC.FamilyName=M
RCC.HCLKFreq_Value=128000000
RCC.HSE_VALUE=25000000
RCC.HSI_VALUE=16000000
RCC.I2C1Freq_Value=32000000
RCC.I2C2Freq_Value=32000000
RCC.I2C3Freq_Value=32000000
RCC.I2C4Freq_Value=32000000
RCC.I2SFreq_Value=96000000
RCC.IPParameters=AHBFreq_Value,APB1CLKDivider,APB1Freq_Value,APB1TimFreq_Value,APB2CLKDivider,APB2Freq_Value,APB2TimFreq_Value,CECFreq_Value,CortexFreq_Value,EthernetFreq_Value,FCLKCortexFreq_Value,FamilyName,HCLKFreq_Value,HSE_VALUE,HSI_VALUE,I2C1Freq_Value,I2C2Freq_Value,I2C3Freq_Value,I2C4Freq_Value,I2SFreq_Value,LCDTFToutputFreq_Value,LPTIM1Freq_Value,LSE_VALUE,LSI_VALUE,MCO2PinFreq_Value,PLLCLKFreq_Value,PLLI2SPCLKFreq_Value,PLLI2SQCLKFreq_Value,PLLI2SRCLKFreq_Value,PLLI2SRoutputFreq_Value,PLLM,PLLN,PLLQCLKFreq_Value,PLLQoutputFreq_Value,PLLSAIPCLKFreq_Value,PLLSAIQCLKFreq_Value,PLLSAIRCLKFreq_Value,PLLSAIoutputFreq_Value,PLLSourceVirtual,RNGFreq_Value,SAI1Freq_Value,SAI2Freq_Value,SDMMCFreq_Value,SPDIFRXFreq_Value,SYSCLKFreq_VALUE,SYSCLKSource,UART4Freq_Value,UART5Freq_Value,UART7Freq_Value,UART8Freq_Value,USART1Freq_Value,USART2Freq_Value,USART3Freq_Value,USART6Freq_Value,USBFreq_Value,VCOI2SOutputFreq_Value,VCOInputFreq_Value,VCOOutputFreq_Value,VCOSAIOutputFreq_Value
RCC.LCDTFToutputFreq_Value=48000000
RCC.LPTIM1Freq_Value=32000000
RCC.LSE_VALUE=32768
RCC.LSI_VALUE=32000
RCC.MCO2PinFreq_Value=128000000
RCC.PLLCLKFreq_Value=128000000
RCC.PLLI2SPCLKFreq_Value=96000000
RCC.PLLI2SQCLKFreq_Value=96000000
RCC.PLLI2SRCLKFreq_Value=96000000
RCC.PLLI2SRoutputFreq_Value=96000000
RCC.PLLM=25
RCC.PLLN=256
RCC.PLLQCLKFreq_Value=128000000
RCC.PLLQoutputFreq_Value=128000000
RCC.PLLSAIPCLKFreq_Value=96000000
RCC.PLLSAIQCLKFreq_Value=96000000
RCC.PLLSAIRCLKFreq_Value=96000000
RCC.PLLSAIoutputFreq_Value=96000000
RCC.PLLSourceVirtual=RCC_PLLSOURCE_HSE
RCC.RNGFreq_Value=128000000
RCC.SAI1Freq_Value=96000000
RCC.SAI2Freq_Value=96000000
RCC.SDMMCFreq_Value=128000000
RCC.SPDIFRXFreq_Value=96000000
RCC.SYSCLKFreq_VALUE=128000000
RCC.SYSCLKSource=RCC_SYSCLKSOURCE_PLLCLK
RCC.UART4Freq_Value=32000000
RCC.UART5Freq_Value=32000000
RCC.UART7Freq_Value=32000000
RCC.UART8Freq_Value=32000000
RCC.USART1Freq_Value=64000000
RCC.USART2Freq_Value=32000000
RCC.USART3Freq_Value=32000000
RCC.USART6Freq_Value=64000000
RCC.USBFreq_Value=128000000
RCC.VCOI2SOutputFreq_Value=192000000
RCC.VCOInputFreq_Value=1000000
RCC.VCOOutputFreq_Value=256000000
RCC.VCOSAIOutputFreq_Value=192000000
STMicroelectronics.X-CUBE-AI.5.1.2.ActivationBufferSizeList=136
STMicroelectronics.X-CUBE-AI.5.1.2.ArtificialOoIntelligenceJjXAaCUBEAaAI_Checked=true
STMicroelectronics.X-CUBE-AI.5.1.2.HeapSize=0x200
STMicroelectronics.X-CUBE-AI.5.1.2.IPParameters=HeapSize,StackSize,ModelName-ade36dd9f2a3e7f240ea64142c58d8794a8e44bac67d2da18166a8c87c8071b4,ModelType-ade36dd9f2a3e7f240ea64142c58d8794a8e44bac67d2da18166a8c87c8071b4,ModelKind-ade36dd9f2a3e7f240ea64142c58d8794a8e44bac67d2da18166a8c87c8071b4,ModelHashList,ModelNameList,WorkingBufferStartAddrList,LatestDirectoryUsed-ade36dd9f2a3e7f240ea64142c58d8794a8e44bac67d2da18166a8c87c8071b4,ModelStructureFile-ade36dd9f2a3e7f240ea64142c58d8794a8e44bac67d2da18166a8c87c8071b4,ModelFlashOccupation-ade36dd9f2a3e7f240ea64142c58d8794a8e44bac67d2da18166a8c87c8071b4,ModelRamOccupation-ade36dd9f2a3e7f240ea64142c58d8794a8e44bac67d2da18166a8c87c8071b4,ModelMacc-ade36dd9f2a3e7f240ea64142c58d8794a8e44bac67d2da18166a8c87c8071b4,ModelActualCompression-ade36dd9f2a3e7f240ea64142c58d8794a8e44bac67d2da18166a8c87c8071b4,ModelCompression-ade36dd9f2a3e7f240ea64142c58d8794a8e44bac67d2da18166a8c87c8071b4,InternalRamActivationBufferMaxSize,ActivationBufferSizeList,MaximumNumberOfInputLayer,MaximumNumberOfOutputLayer,MaximumSizeOfInputLayer,MaximumSizeOfOutputLayer,XAaCUBEAaAICcArtificialOoIntelligenceJjCore,ValidationInputFileHistory-ade36dd9f2a3e7f240ea64142c58d8794a8e44bac67d2da18166a8c87c8071b4,ValidationOutputFileHistory-ade36dd9f2a3e7f240ea64142c58d8794a8e44bac67d2da18166a8c87c8071b4
STMicroelectronics.X-CUBE-AI.5.1.2.InternalRamActivationBufferMaxSize=AI_SINE_MODEL_DATA_ACTIVATIONS_SIZE
STMicroelectronics.X-CUBE-AI.5.1.2.LatestDirectoryUsed-ade36dd9f2a3e7f240ea64142c58d8794a8e44bac67d2da18166a8c87c8071b4=D\:\\ME program\\2017-PhD\\01_research\\02Study\\34_ballon_like_cover\\DeepLearing\\TACTS\\TensorflowLite
STMicroelectronics.X-CUBE-AI.5.1.2.MaximumNumberOfInputLayer=1
STMicroelectronics.X-CUBE-AI.5.1.2.MaximumNumberOfOutputLayer=1
STMicroelectronics.X-CUBE-AI.5.1.2.MaximumSizeOfInputLayer=AI_SINE_MODEL_IN_1_SIZE_BYTES
STMicroelectronics.X-CUBE-AI.5.1.2.MaximumSizeOfOutputLayer=AI_SINE_MODEL_OUT_1_SIZE_BYTES
STMicroelectronics.X-CUBE-AI.5.1.2.ModelActualCompression-ade36dd9f2a3e7f240ea64142c58d8794a8e44bac67d2da18166a8c87c8071b4=0.0
STMicroelectronics.X-CUBE-AI.5.1.2.ModelCompression-ade36dd9f2a3e7f240ea64142c58d8794a8e44bac67d2da18166a8c87c8071b4=1
STMicroelectronics.X-CUBE-AI.5.1.2.ModelFlashOccupation-ade36dd9f2a3e7f240ea64142c58d8794a8e44bac67d2da18166a8c87c8071b4=2372
STMicroelectronics.X-CUBE-AI.5.1.2.ModelHashList=ade36dd9f2a3e7f240ea64142c58d8794a8e44bac67d2da18166a8c87c8071b4
STMicroelectronics.X-CUBE-AI.5.1.2.ModelKind-ade36dd9f2a3e7f240ea64142c58d8794a8e44bac67d2da18166a8c87c8071b4=TFLITE
STMicroelectronics.X-CUBE-AI.5.1.2.ModelMacc-ade36dd9f2a3e7f240ea64142c58d8794a8e44bac67d2da18166a8c87c8071b4=592
STMicroelectronics.X-CUBE-AI.5.1.2.ModelName-ade36dd9f2a3e7f240ea64142c58d8794a8e44bac67d2da18166a8c87c8071b4=sine_model
STMicroelectronics.X-CUBE-AI.5.1.2.ModelNameList=sine_model
STMicroelectronics.X-CUBE-AI.5.1.2.ModelRamOccupation-ade36dd9f2a3e7f240ea64142c58d8794a8e44bac67d2da18166a8c87c8071b4=136
STMicroelectronics.X-CUBE-AI.5.1.2.ModelStructureFile-ade36dd9f2a3e7f240ea64142c58d8794a8e44bac67d2da18166a8c87c8071b4=D\:\\ME program\\2017-PhD\\01_research\\02Study\\34_ballon_like_cover\\DeepLearing\\TACTS\\TensorflowLite\\sine_model.tflite
STMicroelectronics.X-CUBE-AI.5.1.2.ModelType-ade36dd9f2a3e7f240ea64142c58d8794a8e44bac67d2da18166a8c87c8071b4=Saved model
STMicroelectronics.X-CUBE-AI.5.1.2.StackSize=0x800
STMicroelectronics.X-CUBE-AI.5.1.2.ValidationInputFileHistory-ade36dd9f2a3e7f240ea64142c58d8794a8e44bac67d2da18166a8c87c8071b4=
STMicroelectronics.X-CUBE-AI.5.1.2.ValidationOutputFileHistory-ade36dd9f2a3e7f240ea64142c58d8794a8e44bac67d2da18166a8c87c8071b4=
STMicroelectronics.X-CUBE-AI.5.1.2.WorkingBufferStartAddrList=0xFFFFFFFF
STMicroelectronics.X-CUBE-AI.5.1.2.XAaCUBEAaAICcArtificialOoIntelligenceJjCore=true
STMicroelectronics.X-CUBE-AI.5.1.2_SwParameter=XAaCUBEAaAICcArtificialOoIntelligenceJjCore\:true;
TIM7.IPParameters=Prescaler
TIM7.Prescaler=128-1
USART1.IPParameters=VirtualMode-Asynchronous
USART1.VirtualMode-Asynchronous=VM_ASYNC
VP_CRC_VS_CRC.Mode=CRC_Activate
VP_CRC_VS_CRC.Signal=CRC_VS_CRC
VP_STMicroelectronics.X-CUBE-AI_VS_ArtificialOoIntelligenceJjXAaCUBEAaAI_5.1.2.Mode=ArtificialOoIntelligenceJjXAaCUBEAaAI
VP_STMicroelectronics.X-CUBE-AI_VS_ArtificialOoIntelligenceJjXAaCUBEAaAI_5.1.2.Signal=STMicroelectronics.X-CUBE-AI_VS_ArtificialOoIntelligenceJjXAaCUBEAaAI_5.1.2
VP_SYS_VS_Systick.Mode=SysTick
VP_SYS_VS_Systick.Signal=SYS_VS_Systick
VP_TIM7_VS_ClockSourceINT.Mode=Enable_Timer
VP_TIM7_VS_ClockSourceINT.Signal=TIM7_VS_ClockSourceINT
board=custom
isbadioc=false
